
Microsoft Visual Studio Solution File, Format Version 12.00
# Visual Studio Version 17
VisualStudioVersion = 17.5.33502.453
MinimumVisualStudioVersion = 10.0.40219.1
Project("{FAE04EC0-301F-11D3-BF4B-00C04F79EFBC}") = "CarSensor_Lernsituation", "CarSensor_Lernsituation\CarSensor_Lernsituation.csproj", "{A95CF1B1-1887-4C51-8334-C43F8A3E9207}"
EndProject
Global
	GlobalSection(SolutionConfigurationPlatforms) = preSolution
		Debug|Any CPU = Debug|Any CPU
		Release|Any CPU = Release|Any CPU
	EndGlobalSection
	GlobalSection(ProjectConfigurationPlatforms) = postSolution
		{A95CF1B1-1887-4C51-8334-C43F8A3E9207}.Debug|Any CPU.ActiveCfg = Debug|Any CPU
		{A95CF1B1-1887-4C51-8334-C43F8A3E9207}.Debug|Any CPU.Build.0 = Debug|Any CPU
		{A95CF1B1-1887-4C51-8334-C43F8A3E9207}.Release|Any CPU.ActiveCfg = Release|Any CPU
		{A95CF1B1-1887-4C51-8334-C43F8A3E9207}.Release|Any CPU.Build.0 = Release|Any CPU
	EndGlobalSection
	GlobalSection(SolutionProperties) = preSolution
		HideSolutionNode = FALSE
	EndGlobalSection
	GlobalSection(ExtensibilityGlobals) = postSolution
		SolutionGuid = {D296FD38-8AC2-4680-A983-812D9B978457}
	EndGlobalSection
EndGlobal
